
Microsoft Visual Studio Solution File, Format Version 11.00
# Visual Studio 2010
Project("{FAE04EC0-301F-11D3-BF4B-00C04F79EFBC}") = "Assembly-CSharp", "Assembly-CSharp.csproj", "{C30D3B43-4363-0F3B-37E5-3CBE24C43F54}"
EndProject
Project("{FAE04EC0-301F-11D3-BF4B-00C04F79EFBC}") = "Assembly-CSharp-Editor", "Assembly-CSharp-Editor.csproj", "{A401F5F0-843F-1513-12F1-CE361551C867}"
EndProject
Global
	GlobalSection(SolutionConfigurationPlatforms) = preSolution
		Debug|Any CPU = Debug|Any CPU
		Release|Any CPU = Release|Any CPU
	EndGlobalSection
	GlobalSection(ProjectConfigurationPlatforms) = postSolution
		{C30D3B43-4363-0F3B-37E5-3CBE24C43F54}.Debug|Any CPU.ActiveCfg = Debug|Any CPU
		{C30D3B43-4363-0F3B-37E5-3CBE24C43F54}.Debug|Any CPU.Build.0 = Debug|Any CPU
		{C30D3B43-4363-0F3B-37E5-3CBE24C43F54}.Release|Any CPU.ActiveCfg = Release|Any CPU
		{C30D3B43-4363-0F3B-37E5-3CBE24C43F54}.Release|Any CPU.Build.0 = Release|Any CPU
		{A401F5F0-843F-1513-12F1-CE361551C867}.Debug|Any CPU.ActiveCfg = Debug|Any CPU
		{A401F5F0-843F-1513-12F1-CE361551C867}.Debug|Any CPU.Build.0 = Debug|Any CPU
		{A401F5F0-843F-1513-12F1-CE361551C867}.Release|Any CPU.ActiveCfg = Release|Any CPU
		{A401F5F0-843F-1513-12F1-CE361551C867}.Release|Any CPU.Build.0 = Release|Any CPU
	EndGlobalSection
	GlobalSection(SolutionProperties) = preSolution
		HideSolutionNode = FALSE
	EndGlobalSection
	GlobalSection(MonoDevelopProperties) = preSolution
		StartupItem = Assembly-CSharp.csproj
	EndGlobalSection
EndGlobal
