
Microsoft Visual Studio Solution File, Format Version 11.00
# Visual Studio 2010
Project("{FAE04EC0-301F-11D3-BF4B-00C04F79EFBC}") = "Assembly-CSharp", "Assembly-CSharp.csproj", "{1DEC89E5-5E0E-E658-FFAA-EF7CAA410102}"
EndProject
Project("{FAE04EC0-301F-11D3-BF4B-00C04F79EFBC}") = "Assembly-CSharp-Editor", "Assembly-CSharp-Editor.csproj", "{341C11F3-53CD-B2F6-1384-BD590C465C2A}"
EndProject
Global
	GlobalSection(SolutionConfigurationPlatforms) = preSolution
		Debug|Any CPU = Debug|Any CPU
		Release|Any CPU = Release|Any CPU
	EndGlobalSection
	GlobalSection(ProjectConfigurationPlatforms) = postSolution
		{1DEC89E5-5E0E-E658-FFAA-EF7CAA410102}.Debug|Any CPU.ActiveCfg = Debug|Any CPU
		{1DEC89E5-5E0E-E658-FFAA-EF7CAA410102}.Debug|Any CPU.Build.0 = Debug|Any CPU
		{1DEC89E5-5E0E-E658-FFAA-EF7CAA410102}.Release|Any CPU.ActiveCfg = Release|Any CPU
		{1DEC89E5-5E0E-E658-FFAA-EF7CAA410102}.Release|Any CPU.Build.0 = Release|Any CPU
		{341C11F3-53CD-B2F6-1384-BD590C465C2A}.Debug|Any CPU.ActiveCfg = Debug|Any CPU
		{341C11F3-53CD-B2F6-1384-BD590C465C2A}.Debug|Any CPU.Build.0 = Debug|Any CPU
		{341C11F3-53CD-B2F6-1384-BD590C465C2A}.Release|Any CPU.ActiveCfg = Release|Any CPU
		{341C11F3-53CD-B2F6-1384-BD590C465C2A}.Release|Any CPU.Build.0 = Release|Any CPU
	EndGlobalSection
	GlobalSection(SolutionProperties) = preSolution
		HideSolutionNode = FALSE
	EndGlobalSection
	GlobalSection(MonoDevelopProperties) = preSolution
		StartupItem = Assembly-CSharp.csproj
	EndGlobalSection
EndGlobal
